
Microsoft Visual Studio Solution File, Format Version 12.00
# Visual Studio Version 17
VisualStudioVersion = 17.5.33627.172
MinimumVisualStudioVersion = 10.0.40219.1
Project("{FAE04EC0-301F-11D3-BF4B-00C04F79EFBC}") = "AvtoChasti", "AvtoChasti.csproj", "{3492672B-625A-4094-A9C3-CA1411B41C0C}"
EndProject
Project("{2150E333-8FDC-42A3-9474-1A3956D46DE8}") = "Solution Items", "Solution Items", "{1C135D91-2C65-4675-8AEE-AFE76D8F6A40}"
	ProjectSection(SolutionItems) = preProject
		audi.html = audi.html
		bmw.html = bmw.html
		Toyota.html = Toyota.html
		Markite.html = Markite.html
		Nachalna stranica.html = Nachalna stranica.html
	EndProjectSection
EndProject
Global
	GlobalSection(SolutionConfigurationPlatforms) = preSolution
		Debug|Any CPU = Debug|Any CPU
		Release|Any CPU = Release|Any CPU
	EndGlobalSection
	GlobalSection(ProjectConfigurationPlatforms) = postSolution
		{3492672B-625A-4094-A9C3-CA1411B41C0C}.Debug|Any CPU.ActiveCfg = Debug|Any CPU
		{3492672B-625A-4094-A9C3-CA1411B41C0C}.Debug|Any CPU.Build.0 = Debug|Any CPU
		{3492672B-625A-4094-A9C3-CA1411B41C0C}.Release|Any CPU.ActiveCfg = Release|Any CPU
		{3492672B-625A-4094-A9C3-CA1411B41C0C}.Release|Any CPU.Build.0 = Release|Any CPU
	EndGlobalSection
	GlobalSection(SolutionProperties) = preSolution
		HideSolutionNode = FALSE
	EndGlobalSection
	GlobalSection(ExtensibilityGlobals) = postSolution
		SolutionGuid = {60C116B7-A103-4884-8D25-314F366EE0D8}
	EndGlobalSection
EndGlobal
